{
    "_readme": [
        "This file locks the dependencies of your project to a known state",
        "Read more about it at https://getcomposer.org/doc/01-basic-usage.md#composer-lock-the-lock-file",
        "This file is @generated automatically"
    ],
    "hash": "9ed9c41a1741cb6c8ec648cf21d514f3",
    "packages": [
        {
            "name": "developercielo/webservice-1.5-php",
            "version": "dev-master",
            "source": {
                "type": "git",
                "url": "https://github.com/DeveloperCielo/Webservice-1.5-php.git",
                "reference": "de6d2532643f9d4fba52d12bc1e646bd42355d08"
            },
            "dist": {
                "type": "zip",
                "url": "https://api.github.com/repos/DeveloperCielo/Webservice-1.5-php/zipball/de6d2532643f9d4fba52d12bc1e646bd42355d08",
                "reference": "de6d2532643f9d4fba52d12bc1e646bd42355d08",
                "shasum": ""
            },
            "require": {
                "ext-libxml": "*",
                "php": ">=5.4"
            },
            "require-dev": {
                "phpunit/phpunit": "@stable"
            },
            "type": "library",
            "autoload": {
                "psr-0": {
                    "Cielo": "src"
                }
            },
            "notification-url": "https://packagist.org/downloads/",
            "license": [
                "MIT"
            ],
            "description": "SDK PHP para integração com webservice 1.5 da Cielo",
            "homepage": "https://github.com/DeveloperCielo/Webservice-1.5-php",
            "time": "2015-07-21 12:00:23"
        }
    ],
    "packages-dev": [],
    "aliases": [],
    "minimum-stability": "stable",
    "stability-flags": {
        "developercielo/webservice-1.5-php": 20
    },
    "prefer-stable": false,
    "prefer-lowest": false,
    "platform": [],
    "platform-dev": []
}
