{
    "_readme": [
        "This file locks the dependencies of your project to a known state",
        "Read more about it at https://getcomposer.org/doc/01-basic-usage.md#composer-lock-the-lock-file",
        "This file is @generated automatically"
    ],
    "hash": "7548f6c776d4091e6e79ddf4860bfb38",
    "packages": [
        {
            "name": "developercielo/webservice-1.5-php",
            "version": "dev-master",
            "source": {
                "type": "git",
                "url": "https://github.com/DeveloperCielo/Webservice-1.5-php.git",
                "reference": "de6d2532643f9d4fba52d12bc1e646bd42355d08"
            },
            "dist": {
                "type": "zip",
                "url": "https://api.github.com/repos/DeveloperCielo/Webservice-1.5-php/zipball/de6d2532643f9d4fba52d12bc1e646bd42355d08",
                "reference": "de6d2532643f9d4fba52d12bc1e646bd42355d08",
                "shasum": ""
            },
            "require": {
                "ext-libxml": "*",
                "php": ">=5.4"
            },
            "require-dev": {
                "phpunit/phpunit": "@stable"
            },
            "type": "library",
            "autoload": {
                "psr-0": {
                    "Cielo": "src"
                }
            },
            "notification-url": "https://packagist.org/downloads/",
            "license": [
                "MIT"
            ],
            "description": "SDK PHP para integração com webservice 1.5 da Cielo",
            "homepage": "https://github.com/DeveloperCielo/Webservice-1.5-php",
            "time": "2015-07-21 12:00:23"
        },
        {
            "name": "drupalista-br/checkoutcielo-library",
            "version": "dev-2.x-dev",
            "source": {
                "type": "git",
                "url": "https://github.com/drupalista-br/CheckoutCielo-Library.git",
                "reference": "491263454f582df2eb805e4e8d6fc40e5370461a"
            },
            "dist": {
                "type": "zip",
                "url": "https://api.github.com/repos/drupalista-br/CheckoutCielo-Library/zipball/491263454f582df2eb805e4e8d6fc40e5370461a",
                "reference": "491263454f582df2eb805e4e8d6fc40e5370461a",
                "shasum": ""
            },
            "require": {
                "developercielo/webservice-1.5-php": "dev-master#de6d2532643f9d4fba52d12bc1e646bd42355d08"
            },
            "type": "library",
            "autoload": {
                "psr-4": {
                    "CieloCheckout\\": "src/Checkout"
                }
            },
            "notification-url": "https://packagist.org/downloads/",
            "license": [
                "GPL-2.0+"
            ],
            "authors": [
                {
                    "name": "Francisco Luz",
                    "email": "franciscoferreiraluz@yahoo.com.au",
                    "homepage": "http://lojas.nortaox.com"
                }
            ],
            "description": "Biblioteca para integração ao perfil CheckoutCielo v2+ da operadora Cielo de Cartões.",
            "homepage": "http://lojas.nortaox.com",
            "keywords": [
                "Cartão de Crédito",
                "Integração",
                "Pagamento",
                "cielo"
            ],
            "time": "2015-07-31 07:26:28"
        }
    ],
    "packages-dev": [],
    "aliases": [],
    "minimum-stability": "stable",
    "stability-flags": {
        "developercielo/webservice-1.5-php": 20,
        "drupalista-br/checkoutcielo-library": 20
    },
    "prefer-stable": false,
    "prefer-lowest": false,
    "platform": [],
    "platform-dev": []
}
